
Microsoft Visual Studio Solution File, Format Version 10.00
# Visual Studio 2008
Project("{8BC9CEB8-8B4A-11D0-8D11-00A0C91BC942}") = "thread-test", "thread-test\thread-test.vcproj", "{B8D790D3-2EA6-4C08-8079-DEAA36D72DEE}"
EndProject
Global
	GlobalSection(SolutionConfigurationPlatforms) = preSolution
		Debug|Win32 = Debug|Win32
		Release|Win32 = Release|Win32
	EndGlobalSection
	GlobalSection(ProjectConfigurationPlatforms) = postSolution
		{B8D790D3-2EA6-4C08-8079-DEAA36D72DEE}.Debug|Win32.ActiveCfg = Debug|Win32
		{B8D790D3-2EA6-4C08-8079-DEAA36D72DEE}.Debug|Win32.Build.0 = Debug|Win32
		{B8D790D3-2EA6-4C08-8079-DEAA36D72DEE}.Release|Win32.ActiveCfg = Release|Win32
		{B8D790D3-2EA6-4C08-8079-DEAA36D72DEE}.Release|Win32.Build.0 = Release|Win32
	EndGlobalSection
	GlobalSection(SolutionProperties) = preSolution
		HideSolutionNode = FALSE
	EndGlobalSection
EndGlobal
